{
  "name": "noahp.github.io",
  "version": "1.0.0",
  "lockfileVersion": 1,
  "requires": true,
  "dependencies": {
    "marked": {
      "version": "4.0.9",
      "resolved": "https://registry.npmjs.org/marked/-/marked-4.0.9.tgz",
      "integrity": "sha512-HmoFvQwFLxNESeGupeOC+6CLb5WzcCWQmqvVetsErmrI3vrZ6gBumty5IP0ynLPR0zYSoVY7ITC1GffsYIGkog=="
    }
  }
}
